// !$*UTF8*$!
{
	archiveVersion = 1;
	classes = {
	};
	objectVersion = 51;
	objects = {

/* Begin PBXBuildFile section */
		0AB40255EB66FB990989F0C7 /* AboutTabInteractorOutput.swift in Sources */ = {isa = PBXBuildFile; fileRef = 14D44D8497E2F94A085CA0AF /* AboutTabInteractorOutput.swift */; };
		0F98A926C51A143EB0CBA79B /* AboutTabPresenter.swift in Sources */ = {isa = PBXBuildFile; fileRef = 37A140601DCFE6A4E3F9C218 /* AboutTabPresenter.swift */; };
		17B0958D5060CE179F5D0473 /* AboutTabModule.swift in Sources */ = {isa = PBXBuildFile; fileRef = D2C5A1A212543F71BCFA2EEB /* AboutTabModule.swift */; };
		180070AC51640D52A4A09836 /* StartTableModuleOutput.swift in Sources */ = {isa = PBXBuildFile; fileRef = 8F36AB7400E02F31E2EB2808 /* StartTableModuleOutput.swift */; };
		37654083612956A4A50672C1 /* StartTableInteractorOutput.swift in Sources */ = {isa = PBXBuildFile; fileRef = EDF3AEEE0B979B0D91AD1024 /* StartTableInteractorOutput.swift */; };
		3D7F4BA68A966A6DADC4B6F6 /* AboutTabRouter.swift in Sources */ = {isa = PBXBuildFile; fileRef = FB949D3897E8208F62D589DC /* AboutTabRouter.swift */; };
		43D188BD35002498FA24E903 /* AboutTabRouterInput.swift in Sources */ = {isa = PBXBuildFile; fileRef = 30E51637392CAACC48D174CC /* AboutTabRouterInput.swift */; };
		4531F1B66039E2B7491ECEC8 /* StartTablePresenter.swift in Sources */ = {isa = PBXBuildFile; fileRef = 1E9158141FEE25801C55BEB7 /* StartTablePresenter.swift */; };
		4533AF65C7BC5BC180B74247 /* WelcomePresenter.swift in Sources */ = {isa = PBXBuildFile; fileRef = B1694AE7D3551F6F6A89238D /* WelcomePresenter.swift */; };
		5B1B3655A3566766A0E06118 /* WelcomeModuleInput.swift in Sources */ = {isa = PBXBuildFile; fileRef = 6D5CEFFF35BC63486F55990E /* WelcomeModuleInput.swift */; };
		5FD21FA274A2A414D8737C13 /* WelcomeInteractorInput.swift in Sources */ = {isa = PBXBuildFile; fileRef = 77EE4555ABBA9E35C4C898D5 /* WelcomeInteractorInput.swift */; };
		634CEA2AC2926EDDE959E05B /* WelcomeViewOutput.swift in Sources */ = {isa = PBXBuildFile; fileRef = 1FCA6194C5472A22412D30AA /* WelcomeViewOutput.swift */; };
		63E4D65F2F671B339CD4D4B5 /* StartTableRouterInput.swift in Sources */ = {isa = PBXBuildFile; fileRef = 99D26B93FF62393E3C51A963 /* StartTableRouterInput.swift */; };
		6AC166F2A29C231BD298DEBC /* WelcomeViewInput.swift in Sources */ = {isa = PBXBuildFile; fileRef = 61D12679706F4E8A9A46FDDF /* WelcomeViewInput.swift */; };
		6AD95860F875EF29B3E3D35B /* StartTablePresenterInput.swift in Sources */ = {isa = PBXBuildFile; fileRef = 0B4A4CA4C8E661C2889E1FD4 /* StartTablePresenterInput.swift */; };
		6E46D68444A90CC0E8C24E11 /* StartTableInteractor.swift in Sources */ = {isa = PBXBuildFile; fileRef = A6CA20B0F70163F32F4D2BB6 /* StartTableInteractor.swift */; };
		6F60E9A91624253C53D751A8 /* AboutTabInteractor.swift in Sources */ = {isa = PBXBuildFile; fileRef = 310758EDE095688D40E69721 /* AboutTabInteractor.swift */; };
		74979858BE21C8C6065C0648 /* WelcomeModuleOutput.swift in Sources */ = {isa = PBXBuildFile; fileRef = 8F985AB89ADFBE0988015B3B /* WelcomeModuleOutput.swift */; };
		75346CB2A3CF3ABA844E3227 /* AboutTabViewOutput.swift in Sources */ = {isa = PBXBuildFile; fileRef = 515621216C548530676F10FB /* AboutTabViewOutput.swift */; };
		7C9A073587502BD1093CDBA6 /* AboutTabViewController.swift in Sources */ = {isa = PBXBuildFile; fileRef = C5762E494DA15C896A1FB96E /* AboutTabViewController.swift */; };
		85A4B775A86671D62D1A7DE0 /* StartTableViewOutput.swift in Sources */ = {isa = PBXBuildFile; fileRef = 4017E89E2EF2F63C9C9BAB4A /* StartTableViewOutput.swift */; };
		8BDE8E3CE36EC679513303E3 /* StartTableViewInput.swift in Sources */ = {isa = PBXBuildFile; fileRef = EC709AA0361443C3A08ABCE8 /* StartTableViewInput.swift */; };
		8C45B96A240916910051E18A /* AppDelegate.swift in Sources */ = {isa = PBXBuildFile; fileRef = 8C45B969240916910051E18A /* AppDelegate.swift */; };
		8C45B96C240916910051E18A /* SceneDelegate.swift in Sources */ = {isa = PBXBuildFile; fileRef = 8C45B96B240916910051E18A /* SceneDelegate.swift */; };
		8C45B973240916930051E18A /* Assets.xcassets in Resources */ = {isa = PBXBuildFile; fileRef = 8C45B972240916930051E18A /* Assets.xcassets */; };
		8C45B976240916930051E18A /* LaunchScreen.storyboard in Resources */ = {isa = PBXBuildFile; fileRef = 8C45B974240916930051E18A /* LaunchScreen.storyboard */; };
		8C45B9852409258B0051E18A /* Theme.swift in Sources */ = {isa = PBXBuildFile; fileRef = 8C45B9832409258B0051E18A /* Theme.swift */; };
		8C45B9862409258B0051E18A /* ThemeManager.swift in Sources */ = {isa = PBXBuildFile; fileRef = 8C45B9842409258B0051E18A /* ThemeManager.swift */; };
		8C45B989240925D20051E18A /* ServicesAssembler.swift in Sources */ = {isa = PBXBuildFile; fileRef = 8C45B988240925D20051E18A /* ServicesAssembler.swift */; };
		8C45B98C240926660051E18A /* ErrableOutput.swift in Sources */ = {isa = PBXBuildFile; fileRef = 8C45B98B240926650051E18A /* ErrableOutput.swift */; };
		8C45B992240926800051E18A /* Constants.swift in Sources */ = {isa = PBXBuildFile; fileRef = 8C45B98E240926800051E18A /* Constants.swift */; };
		8C45B993240926800051E18A /* Localizable.strings in Resources */ = {isa = PBXBuildFile; fileRef = 8C45B98F240926800051E18A /* Localizable.strings */; };
		8C45B99A2409268D0051E18A /* UITableView+Model.swift in Sources */ = {isa = PBXBuildFile; fileRef = 8C45B9952409268D0051E18A /* UITableView+Model.swift */; };
		8C45B99B2409268D0051E18A /* UIFont+SF.swift in Sources */ = {isa = PBXBuildFile; fileRef = 8C45B9962409268D0051E18A /* UIFont+SF.swift */; };
		8C45B99C2409268D0051E18A /* String+Localization.swift in Sources */ = {isa = PBXBuildFile; fileRef = 8C45B9972409268D0051E18A /* String+Localization.swift */; };
		8C45B99D2409268D0051E18A /* UINavigationController + Common.swift in Sources */ = {isa = PBXBuildFile; fileRef = 8C45B9982409268D0051E18A /* UINavigationController + Common.swift */; };
		8C45B99E2409268D0051E18A /* UICollectionView+Model.swift in Sources */ = {isa = PBXBuildFile; fileRef = 8C45B9992409268D0051E18A /* UICollectionView+Model.swift */; };
		8C45B9A1240926950051E18A /* functions.swift in Sources */ = {isa = PBXBuildFile; fileRef = 8C45B9A0240926950051E18A /* functions.swift */; };
		8C45B9A9240926A10051E18A /* ViewControllerable.swift in Sources */ = {isa = PBXBuildFile; fileRef = 8C45B9A3240926A10051E18A /* ViewControllerable.swift */; };
		8C45B9AA240926A10051E18A /* ViewModelProtocols.swift in Sources */ = {isa = PBXBuildFile; fileRef = 8C45B9A4240926A10051E18A /* ViewModelProtocols.swift */; };
		8C45B9AB240926A10051E18A /* Presentable.swift in Sources */ = {isa = PBXBuildFile; fileRef = 8C45B9A5240926A10051E18A /* Presentable.swift */; };
		8C45B9AC240926A10051E18A /* AlertProtocol.swift in Sources */ = {isa = PBXBuildFile; fileRef = 8C45B9A6240926A10051E18A /* AlertProtocol.swift */; };
		8C45B9AD240926A10051E18A /* IIndexPathCount.swift in Sources */ = {isa = PBXBuildFile; fileRef = 8C45B9A7240926A10051E18A /* IIndexPathCount.swift */; };
		8C45B9AE240926A10051E18A /* IMovePath.swift in Sources */ = {isa = PBXBuildFile; fileRef = 8C45B9A8240926A10051E18A /* IMovePath.swift */; };
		8C45B9B1240926AE0051E18A /* SetupableViewCaller.swift in Sources */ = {isa = PBXBuildFile; fileRef = 8C45B9B0240926AE0051E18A /* SetupableViewCaller.swift */; };
		8C45B9BB240926BA0051E18A /* BaseCollectionViewController.swift in Sources */ = {isa = PBXBuildFile; fileRef = 8C45B9B3240926BA0051E18A /* BaseCollectionViewController.swift */; };
		8C45B9BC240926BA0051E18A /* CellOperation.swift in Sources */ = {isa = PBXBuildFile; fileRef = 8C45B9B5240926BA0051E18A /* CellOperation.swift */; };
		8C45B9BD240926BA0051E18A /* BaseViewController.swift in Sources */ = {isa = PBXBuildFile; fileRef = 8C45B9B6240926BA0051E18A /* BaseViewController.swift */; };
		8C45B9BE240926BB0051E18A /* BaseTableViewController.swift in Sources */ = {isa = PBXBuildFile; fileRef = 8C45B9B7240926BA0051E18A /* BaseTableViewController.swift */; };
		8C45B9BF240926BB0051E18A /* SingleImagePicker.swift in Sources */ = {isa = PBXBuildFile; fileRef = 8C45B9B8240926BA0051E18A /* SingleImagePicker.swift */; };
		8C45B9C1240926BB0051E18A /* VC+Alert.swift in Sources */ = {isa = PBXBuildFile; fileRef = 8C45B9BA240926BA0051E18A /* VC+Alert.swift */; };
		8C45B9CA240926C20051E18A /* CommonCell.swift in Sources */ = {isa = PBXBuildFile; fileRef = 8C45B9C4240926C20051E18A /* CommonCell.swift */; };
		8C45B9CB240926C20051E18A /* CommonCellModel.swift in Sources */ = {isa = PBXBuildFile; fileRef = 8C45B9C5240926C20051E18A /* CommonCellModel.swift */; };
		8C45B9CC240926C20051E18A /* EmptyTableModel.swift in Sources */ = {isa = PBXBuildFile; fileRef = 8C45B9C6240926C20051E18A /* EmptyTableModel.swift */; };
		8C45B9CD240926C20051E18A /* CellAnyModel.swift in Sources */ = {isa = PBXBuildFile; fileRef = 8C45B9C7240926C20051E18A /* CellAnyModel.swift */; };
		8C45B9CE240926C20051E18A /* MultipleSectionPresenter.swift in Sources */ = {isa = PBXBuildFile; fileRef = 8C45B9C8240926C20051E18A /* MultipleSectionPresenter.swift */; };
		8C45B9CF240926C20051E18A /* SingleSectionPresenter.swift in Sources */ = {isa = PBXBuildFile; fileRef = 8C45B9C9240926C20051E18A /* SingleSectionPresenter.swift */; };
		8C45B9D424092C850051E18A /* Welcome.storyboard in Resources */ = {isa = PBXBuildFile; fileRef = 8C45B9D324092C850051E18A /* Welcome.storyboard */; };
		8C45B9E92409456C0051E18A /* TabBarerModuleOutput.swift in Sources */ = {isa = PBXBuildFile; fileRef = 8C45B9D72409456C0051E18A /* TabBarerModuleOutput.swift */; };
		8C45B9EA2409456C0051E18A /* TabBarerModuleInput.swift in Sources */ = {isa = PBXBuildFile; fileRef = 8C45B9D82409456C0051E18A /* TabBarerModuleInput.swift */; };
		8C45B9EB2409456C0051E18A /* TabBarerModule.swift in Sources */ = {isa = PBXBuildFile; fileRef = 8C45B9D92409456C0051E18A /* TabBarerModule.swift */; };
		8C45B9EC2409456C0051E18A /* TabBarerPresenterInput.swift in Sources */ = {isa = PBXBuildFile; fileRef = 8C45B9DB2409456C0051E18A /* TabBarerPresenterInput.swift */; };
		8C45B9ED2409456C0051E18A /* TabBarerPresenter.swift in Sources */ = {isa = PBXBuildFile; fileRef = 8C45B9DC2409456C0051E18A /* TabBarerPresenter.swift */; };
		8C45B9EE2409456C0051E18A /* TabUnloadedViewController.swift in Sources */ = {isa = PBXBuildFile; fileRef = 8C45B9DE2409456C0051E18A /* TabUnloadedViewController.swift */; };
		8C45B9EF2409456C0051E18A /* TabBarerViewOutput.swift in Sources */ = {isa = PBXBuildFile; fileRef = 8C45B9DF2409456C0051E18A /* TabBarerViewOutput.swift */; };
		8C45B9F02409456C0051E18A /* TabBarerViewInput.swift in Sources */ = {isa = PBXBuildFile; fileRef = 8C45B9E02409456C0051E18A /* TabBarerViewInput.swift */; };
		8C45B9F12409456C0051E18A /* TabBarerViewController.swift in Sources */ = {isa = PBXBuildFile; fileRef = 8C45B9E12409456C0051E18A /* TabBarerViewController.swift */; };
		8C45B9F22409456C0051E18A /* TabBarerInteractor.swift in Sources */ = {isa = PBXBuildFile; fileRef = 8C45B9E32409456C0051E18A /* TabBarerInteractor.swift */; };
		8C45B9F32409456C0051E18A /* TabBarerInteractorOutput.swift in Sources */ = {isa = PBXBuildFile; fileRef = 8C45B9E42409456C0051E18A /* TabBarerInteractorOutput.swift */; };
		8C45B9F42409456C0051E18A /* TabBarerInteractorInput.swift in Sources */ = {isa = PBXBuildFile; fileRef = 8C45B9E52409456C0051E18A /* TabBarerInteractorInput.swift */; };
		8C45B9F52409456C0051E18A /* TabBarerRouterInput.swift in Sources */ = {isa = PBXBuildFile; fileRef = 8C45B9E72409456C0051E18A /* TabBarerRouterInput.swift */; };
		8C45B9F62409456C0051E18A /* TabBarerRouter.swift in Sources */ = {isa = PBXBuildFile; fileRef = 8C45B9E82409456C0051E18A /* TabBarerRouter.swift */; };
		8C45B9F9240947DA0051E18A /* StartCoordinator.swift in Sources */ = {isa = PBXBuildFile; fileRef = 8C45B9F7240947DA0051E18A /* StartCoordinator.swift */; };
		8C45B9FA240947DA0051E18A /* DissolveTransition.swift in Sources */ = {isa = PBXBuildFile; fileRef = 8C45B9F8240947DA0051E18A /* DissolveTransition.swift */; };
		8C45B9FE240996960051E18A /* StartTableCell.swift in Sources */ = {isa = PBXBuildFile; fileRef = 8C45B9FD240996960051E18A /* StartTableCell.swift */; };
		8C45BA00240996E80051E18A /* StartTableCell.xib in Resources */ = {isa = PBXBuildFile; fileRef = 8C45B9FF240996E80051E18A /* StartTableCell.xib */; };
		8C45BA02240997D20051E18A /* StartTableCellModel.swift in Sources */ = {isa = PBXBuildFile; fileRef = 8C45BA01240997D20051E18A /* StartTableCellModel.swift */; };
		8DB213D9FF298E1B06FC82D7 /* WelcomeViewController.swift in Sources */ = {isa = PBXBuildFile; fileRef = 376D885BAAC755250A969F5C /* WelcomeViewController.swift */; };
		917CD3AEC3D35FDA85C5D89E /* StartTableRouter.swift in Sources */ = {isa = PBXBuildFile; fileRef = 2AEC0B832697F8B1992653AA /* StartTableRouter.swift */; };
		9300DE61532614682D385286 /* WelcomeInteractor.swift in Sources */ = {isa = PBXBuildFile; fileRef = 6312A0E68DDB271ED84491A7 /* WelcomeInteractor.swift */; };
		9DAA859CCA3D7688B7222887 /* WelcomeRouterInput.swift in Sources */ = {isa = PBXBuildFile; fileRef = 804FAA1FDC6E7A6015389F8B /* WelcomeRouterInput.swift */; };
		A2E455FE5432DA1EC4C3840B /* StartTableViewController.swift in Sources */ = {isa = PBXBuildFile; fileRef = F67B1430CB8EC2F6CE3E49F7 /* StartTableViewController.swift */; };
		A736F87EB35A022F2A01F79A /* WelcomePresenterInput.swift in Sources */ = {isa = PBXBuildFile; fileRef = F154EBABC33C886E9B46AEA0 /* WelcomePresenterInput.swift */; };
		AF9D9C50C8ED22314D0D6803 /* Pods_SampleProject.framework in Frameworks */ = {isa = PBXBuildFile; fileRef = 2320EEBF52F72AA93A7701CF /* Pods_SampleProject.framework */; };
		B207EA4B295136D367CBE77C /* AboutTabViewInput.swift in Sources */ = {isa = PBXBuildFile; fileRef = 409B39FD0DB73C0FEDAB79DD /* AboutTabViewInput.swift */; };
		C2883457BAA42794B69B0576 /* WelcomeModule.swift in Sources */ = {isa = PBXBuildFile; fileRef = 1CBAEEDD2BD1308D34CBA84B /* WelcomeModule.swift */; };
		D1E7ED1A3111F4F70A9E03E9 /* WelcomeRouter.swift in Sources */ = {isa = PBXBuildFile; fileRef = 2258CC766F218EE5AE2EE793 /* WelcomeRouter.swift */; };
		DAF8A9490CD8DC116AC2307C /* AboutTabInteractorInput.swift in Sources */ = {isa = PBXBuildFile; fileRef = 8C913604A905664A6F58F703 /* AboutTabInteractorInput.swift */; };
		DB64CEE79891FC0B397228F1 /* WelcomeInteractorOutput.swift in Sources */ = {isa = PBXBuildFile; fileRef = 59F4E218495C202213F6E9EB /* WelcomeInteractorOutput.swift */; };
		DBB4EA54E3158C51AE41EC1B /* AboutTabPresenterInput.swift in Sources */ = {isa = PBXBuildFile; fileRef = 7243464CA9FF90B24E8B9225 /* AboutTabPresenterInput.swift */; };
		E27D2F2530233145641C866F /* StartTableInteractorInput.swift in Sources */ = {isa = PBXBuildFile; fileRef = E5B835989A36285077C56FD4 /* StartTableInteractorInput.swift */; };
		F2A629E62B2E1CC6B9039EB4 /* AboutTabModuleInput.swift in Sources */ = {isa = PBXBuildFile; fileRef = 87D790F73919043FAB08AE8A /* AboutTabModuleInput.swift */; };
		F6192C0676909C2A79FF2024 /* AboutTabModuleOutput.swift in Sources */ = {isa = PBXBuildFile; fileRef = 33AAB5B8E280D1C3B72EE471 /* AboutTabModuleOutput.swift */; };
		FBFC1DAEDB128370CE1BF838 /* StartTableModuleInput.swift in Sources */ = {isa = PBXBuildFile; fileRef = DD6A28F3AD594C2E444CF310 /* StartTableModuleInput.swift */; };
		FD20901787D46BABC2CBBD12 /* StartTableModule.swift in Sources */ = {isa = PBXBuildFile; fileRef = D96BB928AEAFD54FA817D6DE /* StartTableModule.swift */; };
/* End PBXBuildFile section */

/* Begin PBXFileReference section */
		0B4A4CA4C8E661C2889E1FD4 /* StartTablePresenterInput.swift */ = {isa = PBXFileReference; includeInIndex = 1; lastKnownFileType = sourcecode.swift; path = StartTablePresenterInput.swift; sourceTree = "<group>"; };
		14D44D8497E2F94A085CA0AF /* AboutTabInteractorOutput.swift */ = {isa = PBXFileReference; includeInIndex = 1; lastKnownFileType = sourcecode.swift; path = AboutTabInteractorOutput.swift; sourceTree = "<group>"; };
		1CBAEEDD2BD1308D34CBA84B /* WelcomeModule.swift */ = {isa = PBXFileReference; includeInIndex = 1; lastKnownFileType = sourcecode.swift; path = WelcomeModule.swift; sourceTree = "<group>"; };
		1E9158141FEE25801C55BEB7 /* StartTablePresenter.swift */ = {isa = PBXFileReference; includeInIndex = 1; lastKnownFileType = sourcecode.swift; path = StartTablePresenter.swift; sourceTree = "<group>"; };
		1FCA6194C5472A22412D30AA /* WelcomeViewOutput.swift */ = {isa = PBXFileReference; includeInIndex = 1; lastKnownFileType = sourcecode.swift; path = WelcomeViewOutput.swift; sourceTree = "<group>"; };
		2258CC766F218EE5AE2EE793 /* WelcomeRouter.swift */ = {isa = PBXFileReference; includeInIndex = 1; lastKnownFileType = sourcecode.swift; path = WelcomeRouter.swift; sourceTree = "<group>"; };
		2320EEBF52F72AA93A7701CF /* Pods_SampleProject.framework */ = {isa = PBXFileReference; explicitFileType = wrapper.framework; includeInIndex = 0; path = Pods_SampleProject.framework; sourceTree = BUILT_PRODUCTS_DIR; };
		2AEC0B832697F8B1992653AA /* StartTableRouter.swift */ = {isa = PBXFileReference; includeInIndex = 1; lastKnownFileType = sourcecode.swift; path = StartTableRouter.swift; sourceTree = "<group>"; };
		30E51637392CAACC48D174CC /* AboutTabRouterInput.swift */ = {isa = PBXFileReference; includeInIndex = 1; lastKnownFileType = sourcecode.swift; path = AboutTabRouterInput.swift; sourceTree = "<group>"; };
		310758EDE095688D40E69721 /* AboutTabInteractor.swift */ = {isa = PBXFileReference; includeInIndex = 1; lastKnownFileType = sourcecode.swift; path = AboutTabInteractor.swift; sourceTree = "<group>"; };
		33AAB5B8E280D1C3B72EE471 /* AboutTabModuleOutput.swift */ = {isa = PBXFileReference; includeInIndex = 1; lastKnownFileType = sourcecode.swift; path = AboutTabModuleOutput.swift; sourceTree = "<group>"; };
		376D885BAAC755250A969F5C /* WelcomeViewController.swift */ = {isa = PBXFileReference; includeInIndex = 1; lastKnownFileType = sourcecode.swift; path = WelcomeViewController.swift; sourceTree = "<group>"; };
		37A140601DCFE6A4E3F9C218 /* AboutTabPresenter.swift */ = {isa = PBXFileReference; includeInIndex = 1; lastKnownFileType = sourcecode.swift; path = AboutTabPresenter.swift; sourceTree = "<group>"; };
		4017E89E2EF2F63C9C9BAB4A /* StartTableViewOutput.swift */ = {isa = PBXFileReference; includeInIndex = 1; lastKnownFileType = sourcecode.swift; path = StartTableViewOutput.swift; sourceTree = "<group>"; };
		409B39FD0DB73C0FEDAB79DD /* AboutTabViewInput.swift */ = {isa = PBXFileReference; includeInIndex = 1; lastKnownFileType = sourcecode.swift; path = AboutTabViewInput.swift; sourceTree = "<group>"; };
		44FE6E85D90F3594E244B7DA /* Pods-SampleProject.debug.xcconfig */ = {isa = PBXFileReference; includeInIndex = 1; lastKnownFileType = text.xcconfig; name = "Pods-SampleProject.debug.xcconfig"; path = "Target Support Files/Pods-SampleProject/Pods-SampleProject.debug.xcconfig"; sourceTree = "<group>"; };
		515621216C548530676F10FB /* AboutTabViewOutput.swift */ = {isa = PBXFileReference; includeInIndex = 1; lastKnownFileType = sourcecode.swift; path = AboutTabViewOutput.swift; sourceTree = "<group>"; };
		59F4E218495C202213F6E9EB /* WelcomeInteractorOutput.swift */ = {isa = PBXFileReference; includeInIndex = 1; lastKnownFileType = sourcecode.swift; path = WelcomeInteractorOutput.swift; sourceTree = "<group>"; };
		61D12679706F4E8A9A46FDDF /* WelcomeViewInput.swift */ = {isa = PBXFileReference; includeInIndex = 1; lastKnownFileType = sourcecode.swift; path = WelcomeViewInput.swift; sourceTree = "<group>"; };
		6312A0E68DDB271ED84491A7 /* WelcomeInteractor.swift */ = {isa = PBXFileReference; includeInIndex = 1; lastKnownFileType = sourcecode.swift; path = WelcomeInteractor.swift; sourceTree = "<group>"; };
		6D5CEFFF35BC63486F55990E /* WelcomeModuleInput.swift */ = {isa = PBXFileReference; includeInIndex = 1; lastKnownFileType = sourcecode.swift; path = WelcomeModuleInput.swift; sourceTree = "<group>"; };
		7243464CA9FF90B24E8B9225 /* AboutTabPresenterInput.swift */ = {isa = PBXFileReference; includeInIndex = 1; lastKnownFileType = sourcecode.swift; path = AboutTabPresenterInput.swift; sourceTree = "<group>"; };
		77EE4555ABBA9E35C4C898D5 /* WelcomeInteractorInput.swift */ = {isa = PBXFileReference; includeInIndex = 1; lastKnownFileType = sourcecode.swift; path = WelcomeInteractorInput.swift; sourceTree = "<group>"; };
		804FAA1FDC6E7A6015389F8B /* WelcomeRouterInput.swift */ = {isa = PBXFileReference; includeInIndex = 1; lastKnownFileType = sourcecode.swift; path = WelcomeRouterInput.swift; sourceTree = "<group>"; };
		87D790F73919043FAB08AE8A /* AboutTabModuleInput.swift */ = {isa = PBXFileReference; includeInIndex = 1; lastKnownFileType = sourcecode.swift; path = AboutTabModuleInput.swift; sourceTree = "<group>"; };
		8C45B966240916910051E18A /* SampleProject.app */ = {isa = PBXFileReference; explicitFileType = wrapper.application; includeInIndex = 0; path = SampleProject.app; sourceTree = BUILT_PRODUCTS_DIR; };
		8C45B969240916910051E18A /* AppDelegate.swift */ = {isa = PBXFileReference; lastKnownFileType = sourcecode.swift; path = AppDelegate.swift; sourceTree = "<group>"; };
		8C45B96B240916910051E18A /* SceneDelegate.swift */ = {isa = PBXFileReference; lastKnownFileType = sourcecode.swift; path = SceneDelegate.swift; sourceTree = "<group>"; };
		8C45B972240916930051E18A /* Assets.xcassets */ = {isa = PBXFileReference; lastKnownFileType = folder.assetcatalog; path = Assets.xcassets; sourceTree = "<group>"; };
		8C45B975240916930051E18A /* Base */ = {isa = PBXFileReference; lastKnownFileType = file.storyboard; name = Base; path = Base.lproj/LaunchScreen.storyboard; sourceTree = "<group>"; };
		8C45B977240916930051E18A /* Info.plist */ = {isa = PBXFileReference; lastKnownFileType = text.plist.xml; path = Info.plist; sourceTree = "<group>"; };
		8C45B9832409258B0051E18A /* Theme.swift */ = {isa = PBXFileReference; fileEncoding = 4; lastKnownFileType = sourcecode.swift; path = Theme.swift; sourceTree = "<group>"; };
		8C45B9842409258B0051E18A /* ThemeManager.swift */ = {isa = PBXFileReference; fileEncoding = 4; lastKnownFileType = sourcecode.swift; path = ThemeManager.swift; sourceTree = "<group>"; };
		8C45B988240925D20051E18A /* ServicesAssembler.swift */ = {isa = PBXFileReference; fileEncoding = 4; lastKnownFileType = sourcecode.swift; path = ServicesAssembler.swift; sourceTree = "<group>"; };
		8C45B98B240926650051E18A /* ErrableOutput.swift */ = {isa = PBXFileReference; fileEncoding = 4; lastKnownFileType = sourcecode.swift; path = ErrableOutput.swift; sourceTree = "<group>"; };
		8C45B98E240926800051E18A /* Constants.swift */ = {isa = PBXFileReference; fileEncoding = 4; lastKnownFileType = sourcecode.swift; path = Constants.swift; sourceTree = "<group>"; };
		8C45B990240926800051E18A /* en */ = {isa = PBXFileReference; lastKnownFileType = text.plist.strings; name = en; path = en.lproj/Localizable.strings; sourceTree = "<group>"; };
		8C45B991240926800051E18A /* ru */ = {isa = PBXFileReference; lastKnownFileType = text.plist.strings; name = ru; path = ru.lproj/Localizable.strings; sourceTree = "<group>"; };
		8C45B9952409268D0051E18A /* UITableView+Model.swift */ = {isa = PBXFileReference; fileEncoding = 4; lastKnownFileType = sourcecode.swift; path = "UITableView+Model.swift"; sourceTree = "<group>"; };
		8C45B9962409268D0051E18A /* UIFont+SF.swift */ = {isa = PBXFileReference; fileEncoding = 4; lastKnownFileType = sourcecode.swift; path = "UIFont+SF.swift"; sourceTree = "<group>"; };
		8C45B9972409268D0051E18A /* String+Localization.swift */ = {isa = PBXFileReference; fileEncoding = 4; lastKnownFileType = sourcecode.swift; path = "String+Localization.swift"; sourceTree = "<group>"; };
		8C45B9982409268D0051E18A /* UINavigationController + Common.swift */ = {isa = PBXFileReference; fileEncoding = 4; lastKnownFileType = sourcecode.swift; path = "UINavigationController + Common.swift"; sourceTree = "<group>"; };
		8C45B9992409268D0051E18A /* UICollectionView+Model.swift */ = {isa = PBXFileReference; fileEncoding = 4; lastKnownFileType = sourcecode.swift; path = "UICollectionView+Model.swift"; sourceTree = "<group>"; };
		8C45B9A0240926950051E18A /* functions.swift */ = {isa = PBXFileReference; fileEncoding = 4; lastKnownFileType = sourcecode.swift; path = functions.swift; sourceTree = "<group>"; };
		8C45B9A3240926A10051E18A /* ViewControllerable.swift */ = {isa = PBXFileReference; fileEncoding = 4; lastKnownFileType = sourcecode.swift; path = ViewControllerable.swift; sourceTree = "<group>"; };
		8C45B9A4240926A10051E18A /* ViewModelProtocols.swift */ = {isa = PBXFileReference; fileEncoding = 4; lastKnownFileType = sourcecode.swift; path = ViewModelProtocols.swift; sourceTree = "<group>"; };
		8C45B9A5240926A10051E18A /* Presentable.swift */ = {isa = PBXFileReference; fileEncoding = 4; lastKnownFileType = sourcecode.swift; path = Presentable.swift; sourceTree = "<group>"; };
		8C45B9A6240926A10051E18A /* AlertProtocol.swift */ = {isa = PBXFileReference; fileEncoding = 4; lastKnownFileType = sourcecode.swift; path = AlertProtocol.swift; sourceTree = "<group>"; };
		8C45B9A7240926A10051E18A /* IIndexPathCount.swift */ = {isa = PBXFileReference; fileEncoding = 4; lastKnownFileType = sourcecode.swift; path = IIndexPathCount.swift; sourceTree = "<group>"; };
		8C45B9A8240926A10051E18A /* IMovePath.swift */ = {isa = PBXFileReference; fileEncoding = 4; lastKnownFileType = sourcecode.swift; path = IMovePath.swift; sourceTree = "<group>"; };
		8C45B9B0240926AE0051E18A /* SetupableViewCaller.swift */ = {isa = PBXFileReference; fileEncoding = 4; lastKnownFileType = sourcecode.swift; path = SetupableViewCaller.swift; sourceTree = "<group>"; };
		8C45B9B3240926BA0051E18A /* BaseCollectionViewController.swift */ = {isa = PBXFileReference; fileEncoding = 4; lastKnownFileType = sourcecode.swift; path = BaseCollectionViewController.swift; sourceTree = "<group>"; };
		8C45B9B5240926BA0051E18A /* CellOperation.swift */ = {isa = PBXFileReference; fileEncoding = 4; lastKnownFileType = sourcecode.swift; path = CellOperation.swift; sourceTree = "<group>"; };
		8C45B9B6240926BA0051E18A /* BaseViewController.swift */ = {isa = PBXFileReference; fileEncoding = 4; lastKnownFileType = sourcecode.swift; path = BaseViewController.swift; sourceTree = "<group>"; };
		8C45B9B7240926BA0051E18A /* BaseTableViewController.swift */ = {isa = PBXFileReference; fileEncoding = 4; lastKnownFileType = sourcecode.swift; path = BaseTableViewController.swift; sourceTree = "<group>"; };
		8C45B9B8240926BA0051E18A /* SingleImagePicker.swift */ = {isa = PBXFileReference; fileEncoding = 4; lastKnownFileType = sourcecode.swift; path = SingleImagePicker.swift; sourceTree = "<group>"; };
		8C45B9BA240926BA0051E18A /* VC+Alert.swift */ = {isa = PBXFileReference; fileEncoding = 4; lastKnownFileType = sourcecode.swift; path = "VC+Alert.swift"; sourceTree = "<group>"; };
		8C45B9C4240926C20051E18A /* CommonCell.swift */ = {isa = PBXFileReference; fileEncoding = 4; lastKnownFileType = sourcecode.swift; path = CommonCell.swift; sourceTree = "<group>"; };
		8C45B9C5240926C20051E18A /* CommonCellModel.swift */ = {isa = PBXFileReference; fileEncoding = 4; lastKnownFileType = sourcecode.swift; path = CommonCellModel.swift; sourceTree = "<group>"; };
		8C45B9C6240926C20051E18A /* EmptyTableModel.swift */ = {isa = PBXFileReference; fileEncoding = 4; lastKnownFileType = sourcecode.swift; path = EmptyTableModel.swift; sourceTree = "<group>"; };
		8C45B9C7240926C20051E18A /* CellAnyModel.swift */ = {isa = PBXFileReference; fileEncoding = 4; lastKnownFileType = sourcecode.swift; path = CellAnyModel.swift; sourceTree = "<group>"; };
		8C45B9C8240926C20051E18A /* MultipleSectionPresenter.swift */ = {isa = PBXFileReference; fileEncoding = 4; lastKnownFileType = sourcecode.swift; path = MultipleSectionPresenter.swift; sourceTree = "<group>"; };
		8C45B9C9240926C20051E18A /* SingleSectionPresenter.swift */ = {isa = PBXFileReference; fileEncoding = 4; lastKnownFileType = sourcecode.swift; path = SingleSectionPresenter.swift; sourceTree = "<group>"; };
		8C45B9D324092C850051E18A /* Welcome.storyboard */ = {isa = PBXFileReference; lastKnownFileType = file.storyboard; path = Welcome.storyboard; sourceTree = "<group>"; };
		8C45B9D72409456C0051E18A /* TabBarerModuleOutput.swift */ = {isa = PBXFileReference; fileEncoding = 4; lastKnownFileType = sourcecode.swift; path = TabBarerModuleOutput.swift; sourceTree = "<group>"; };
		8C45B9D82409456C0051E18A /* TabBarerModuleInput.swift */ = {isa = PBXFileReference; fileEncoding = 4; lastKnownFileType = sourcecode.swift; path = TabBarerModuleInput.swift; sourceTree = "<group>"; };
		8C45B9D92409456C0051E18A /* TabBarerModule.swift */ = {isa = PBXFileReference; fileEncoding = 4; lastKnownFileType = sourcecode.swift; path = TabBarerModule.swift; sourceTree = "<group>"; };
		8C45B9DB2409456C0051E18A /* TabBarerPresenterInput.swift */ = {isa = PBXFileReference; fileEncoding = 4; lastKnownFileType = sourcecode.swift; path = TabBarerPresenterInput.swift; sourceTree = "<group>"; };
		8C45B9DC2409456C0051E18A /* TabBarerPresenter.swift */ = {isa = PBXFileReference; fileEncoding = 4; lastKnownFileType = sourcecode.swift; path = TabBarerPresenter.swift; sourceTree = "<group>"; };
		8C45B9DE2409456C0051E18A /* TabUnloadedViewController.swift */ = {isa = PBXFileReference; fileEncoding = 4; lastKnownFileType = sourcecode.swift; path = TabUnloadedViewController.swift; sourceTree = "<group>"; };
		8C45B9DF2409456C0051E18A /* TabBarerViewOutput.swift */ = {isa = PBXFileReference; fileEncoding = 4; lastKnownFileType = sourcecode.swift; path = TabBarerViewOutput.swift; sourceTree = "<group>"; };
		8C45B9E02409456C0051E18A /* TabBarerViewInput.swift */ = {isa = PBXFileReference; fileEncoding = 4; lastKnownFileType = sourcecode.swift; path = TabBarerViewInput.swift; sourceTree = "<group>"; };
		8C45B9E12409456C0051E18A /* TabBarerViewController.swift */ = {isa = PBXFileReference; fileEncoding = 4; lastKnownFileType = sourcecode.swift; path = TabBarerViewController.swift; sourceTree = "<group>"; };
		8C45B9E32409456C0051E18A /* TabBarerInteractor.swift */ = {isa = PBXFileReference; fileEncoding = 4; lastKnownFileType = sourcecode.swift; path = TabBarerInteractor.swift; sourceTree = "<group>"; };
		8C45B9E42409456C0051E18A /* TabBarerInteractorOutput.swift */ = {isa = PBXFileReference; fileEncoding = 4; lastKnownFileType = sourcecode.swift; path = TabBarerInteractorOutput.swift; sourceTree = "<group>"; };
		8C45B9E52409456C0051E18A /* TabBarerInteractorInput.swift */ = {isa = PBXFileReference; fileEncoding = 4; lastKnownFileType = sourcecode.swift; path = TabBarerInteractorInput.swift; sourceTree = "<group>"; };
		8C45B9E72409456C0051E18A /* TabBarerRouterInput.swift */ = {isa = PBXFileReference; fileEncoding = 4; lastKnownFileType = sourcecode.swift; path = TabBarerRouterInput.swift; sourceTree = "<group>"; };
		8C45B9E82409456C0051E18A /* TabBarerRouter.swift */ = {isa = PBXFileReference; fileEncoding = 4; lastKnownFileType = sourcecode.swift; path = TabBarerRouter.swift; sourceTree = "<group>"; };
		8C45B9F7240947DA0051E18A /* StartCoordinator.swift */ = {isa = PBXFileReference; fileEncoding = 4; lastKnownFileType = sourcecode.swift; path = StartCoordinator.swift; sourceTree = "<group>"; };
		8C45B9F8240947DA0051E18A /* DissolveTransition.swift */ = {isa = PBXFileReference; fileEncoding = 4; lastKnownFileType = sourcecode.swift; path = DissolveTransition.swift; sourceTree = "<group>"; };
		8C45B9FD240996960051E18A /* StartTableCell.swift */ = {isa = PBXFileReference; lastKnownFileType = sourcecode.swift; path = StartTableCell.swift; sourceTree = "<group>"; };
		8C45B9FF240996E80051E18A /* StartTableCell.xib */ = {isa = PBXFileReference; lastKnownFileType = file.xib; path = StartTableCell.xib; sourceTree = "<group>"; };
		8C45BA01240997D20051E18A /* StartTableCellModel.swift */ = {isa = PBXFileReference; lastKnownFileType = sourcecode.swift; path = StartTableCellModel.swift; sourceTree = "<group>"; };
		8C913604A905664A6F58F703 /* AboutTabInteractorInput.swift */ = {isa = PBXFileReference; includeInIndex = 1; lastKnownFileType = sourcecode.swift; path = AboutTabInteractorInput.swift; sourceTree = "<group>"; };
		8F36AB7400E02F31E2EB2808 /* StartTableModuleOutput.swift */ = {isa = PBXFileReference; includeInIndex = 1; lastKnownFileType = sourcecode.swift; path = StartTableModuleOutput.swift; sourceTree = "<group>"; };
		8F985AB89ADFBE0988015B3B /* WelcomeModuleOutput.swift */ = {isa = PBXFileReference; includeInIndex = 1; lastKnownFileType = sourcecode.swift; path = WelcomeModuleOutput.swift; sourceTree = "<group>"; };
		99D26B93FF62393E3C51A963 /* StartTableRouterInput.swift */ = {isa = PBXFileReference; includeInIndex = 1; lastKnownFileType = sourcecode.swift; path = StartTableRouterInput.swift; sourceTree = "<group>"; };
		A6CA20B0F70163F32F4D2BB6 /* StartTableInteractor.swift */ = {isa = PBXFileReference; includeInIndex = 1; lastKnownFileType = sourcecode.swift; path = StartTableInteractor.swift; sourceTree = "<group>"; };
		B1694AE7D3551F6F6A89238D /* WelcomePresenter.swift */ = {isa = PBXFileReference; includeInIndex = 1; lastKnownFileType = sourcecode.swift; path = WelcomePresenter.swift; sourceTree = "<group>"; };
		BD1E66A8F3D084D59F862ED0 /* Pods-SampleProject.release.xcconfig */ = {isa = PBXFileReference; includeInIndex = 1; lastKnownFileType = text.xcconfig; name = "Pods-SampleProject.release.xcconfig"; path = "Target Support Files/Pods-SampleProject/Pods-SampleProject.release.xcconfig"; sourceTree = "<group>"; };
		C5762E494DA15C896A1FB96E /* AboutTabViewController.swift */ = {isa = PBXFileReference; includeInIndex = 1; lastKnownFileType = sourcecode.swift; path = AboutTabViewController.swift; sourceTree = "<group>"; };
		D2C5A1A212543F71BCFA2EEB /* AboutTabModule.swift */ = {isa = PBXFileReference; includeInIndex = 1; lastKnownFileType = sourcecode.swift; path = AboutTabModule.swift; sourceTree = "<group>"; };
		D96BB928AEAFD54FA817D6DE /* StartTableModule.swift */ = {isa = PBXFileReference; includeInIndex = 1; lastKnownFileType = sourcecode.swift; path = StartTableModule.swift; sourceTree = "<group>"; };
		DD6A28F3AD594C2E444CF310 /* StartTableModuleInput.swift */ = {isa = PBXFileReference; includeInIndex = 1; lastKnownFileType = sourcecode.swift; path = StartTableModuleInput.swift; sourceTree = "<group>"; };
		E5B835989A36285077C56FD4 /* StartTableInteractorInput.swift */ = {isa = PBXFileReference; includeInIndex = 1; lastKnownFileType = sourcecode.swift; path = StartTableInteractorInput.swift; sourceTree = "<group>"; };
		EC709AA0361443C3A08ABCE8 /* StartTableViewInput.swift */ = {isa = PBXFileReference; includeInIndex = 1; lastKnownFileType = sourcecode.swift; path = StartTableViewInput.swift; sourceTree = "<group>"; };
		EDF3AEEE0B979B0D91AD1024 /* StartTableInteractorOutput.swift */ = {isa = PBXFileReference; includeInIndex = 1; lastKnownFileType = sourcecode.swift; path = StartTableInteractorOutput.swift; sourceTree = "<group>"; };
		F154EBABC33C886E9B46AEA0 /* WelcomePresenterInput.swift */ = {isa = PBXFileReference; includeInIndex = 1; lastKnownFileType = sourcecode.swift; path = WelcomePresenterInput.swift; sourceTree = "<group>"; };
		F67B1430CB8EC2F6CE3E49F7 /* StartTableViewController.swift */ = {isa = PBXFileReference; includeInIndex = 1; lastKnownFileType = sourcecode.swift; path = StartTableViewController.swift; sourceTree = "<group>"; };
		FB949D3897E8208F62D589DC /* AboutTabRouter.swift */ = {isa = PBXFileReference; includeInIndex = 1; lastKnownFileType = sourcecode.swift; path = AboutTabRouter.swift; sourceTree = "<group>"; };
/* End PBXFileReference section */

/* Begin PBXFrameworksBuildPhase section */
		8C45B963240916910051E18A /* Frameworks */ = {
			isa = PBXFrameworksBuildPhase;
			buildActionMask = 2147483647;
			files = (
				AF9D9C50C8ED22314D0D6803 /* Pods_SampleProject.framework in Frameworks */,
			);
			runOnlyForDeploymentPostprocessing = 0;
		};
/* End PBXFrameworksBuildPhase section */

/* Begin PBXGroup section */
		04C74432F441C17329E78EB3 /* Router */ = {
			isa = PBXGroup;
			children = (
				30E51637392CAACC48D174CC /* AboutTabRouterInput.swift */,
				FB949D3897E8208F62D589DC /* AboutTabRouter.swift */,
			);
			path = Router;
			sourceTree = "<group>";
		};
		04EAA9BFE546927D996ACEA3 /* Presenter */ = {
			isa = PBXGroup;
			children = (
				8C45B9F8240947DA0051E18A /* DissolveTransition.swift */,
				8C45B9F7240947DA0051E18A /* StartCoordinator.swift */,
				F154EBABC33C886E9B46AEA0 /* WelcomePresenterInput.swift */,
				B1694AE7D3551F6F6A89238D /* WelcomePresenter.swift */,
			);
			path = Presenter;
			sourceTree = "<group>";
		};
		41E676E08D6127A03F0875FF /* Modules */ = {
			isa = PBXGroup;
			children = (
				8C45B9D52409456C0051E18A /* TabBarer */,
				8D448EE5DF4AAB5B444108D6 /* Welcome */,
				74B9611901FF9B64D62AE765 /* StartTable */,
				B0654C0C1B95DCEFBA18AEEB /* AboutTab */,
			);
			path = Modules;
			sourceTree = "<group>";
		};
		4E0BAE948D6DC85281CF9BCA /* Presenter */ = {
			isa = PBXGroup;
			children = (
				7243464CA9FF90B24E8B9225 /* AboutTabPresenterInput.swift */,
				37A140601DCFE6A4E3F9C218 /* AboutTabPresenter.swift */,
			);
			path = Presenter;
			sourceTree = "<group>";
		};
		57E4828CA38847BB7A0660B4 /* Module */ = {
			isa = PBXGroup;
			children = (
				87D790F73919043FAB08AE8A /* AboutTabModuleInput.swift */,
				33AAB5B8E280D1C3B72EE471 /* AboutTabModuleOutput.swift */,
				D2C5A1A212543F71BCFA2EEB /* AboutTabModule.swift */,
			);
			path = Module;
			sourceTree = "<group>";
		};
		58D83001A48624ECEB10B08B /* Pods */ = {
			isa = PBXGroup;
			children = (
				44FE6E85D90F3594E244B7DA /* Pods-SampleProject.debug.xcconfig */,
				BD1E66A8F3D084D59F862ED0 /* Pods-SampleProject.release.xcconfig */,
			);
			path = Pods;
			sourceTree = "<group>";
		};
		59566D0CC36A75DE71D30FC0 /* Frameworks */ = {
			isa = PBXGroup;
			children = (
				2320EEBF52F72AA93A7701CF /* Pods_SampleProject.framework */,
			);
			name = Frameworks;
			sourceTree = "<group>";
		};
		6132A810E91DC615C0ECE4B6 /* Module */ = {
			isa = PBXGroup;
			children = (
				6D5CEFFF35BC63486F55990E /* WelcomeModuleInput.swift */,
				8F985AB89ADFBE0988015B3B /* WelcomeModuleOutput.swift */,
				1CBAEEDD2BD1308D34CBA84B /* WelcomeModule.swift */,
			);
			path = Module;
			sourceTree = "<group>";
		};
		74B9611901FF9B64D62AE765 /* StartTable */ = {
			isa = PBXGroup;
			children = (
				E1E0B11AD1A7CFE06686AE57 /* View */,
				82A712A5B21122567C7040F1 /* Presenter */,
				BEE5FFDE23AE14FB872496DF /* Interactor */,
				FC19F76A2AC9690F9FCCF6C6 /* Router */,
				99201458B37CFD40B365A961 /* Module */,
			);
			path = StartTable;
			sourceTree = "<group>";
		};
		82A712A5B21122567C7040F1 /* Presenter */ = {
			isa = PBXGroup;
			children = (
				8C45B9FC240996800051E18A /* cellModel */,
				0B4A4CA4C8E661C2889E1FD4 /* StartTablePresenterInput.swift */,
				1E9158141FEE25801C55BEB7 /* StartTablePresenter.swift */,
			);
			path = Presenter;
			sourceTree = "<group>";
		};
		8C45B95D240916910051E18A = {
			isa = PBXGroup;
			children = (
				8C45B968240916910051E18A /* SampleProject */,
				8C45B967240916910051E18A /* Products */,
				58D83001A48624ECEB10B08B /* Pods */,
				59566D0CC36A75DE71D30FC0 /* Frameworks */,
			);
			sourceTree = "<group>";
		};
		8C45B967240916910051E18A /* Products */ = {
			isa = PBXGroup;
			children = (
				8C45B966240916910051E18A /* SampleProject.app */,
			);
			name = Products;
			sourceTree = "<group>";
		};
		8C45B968240916910051E18A /* SampleProject */ = {
			isa = PBXGroup;
			children = (
				8C45B982240925470051E18A /* Common */,
				8C45B9812409253A0051E18A /* Themes */,
				8C45B980240925300051E18A /* Services */,
				8C45B97F240924A10051E18A /* Resources */,
				8C45B97E240924840051E18A /* Support */,
				8C45B97D240924590051E18A /* LaunchSystem */,
				41E676E08D6127A03F0875FF /* Modules */,
			);
			path = SampleProject;
			sourceTree = "<group>";
		};
		8C45B97D240924590051E18A /* LaunchSystem */ = {
			isa = PBXGroup;
			children = (
				8C45B969240916910051E18A /* AppDelegate.swift */,
				8C45B96B240916910051E18A /* SceneDelegate.swift */,
				8C45B974240916930051E18A /* LaunchScreen.storyboard */,
			);
			path = LaunchSystem;
			sourceTree = "<group>";
		};
		8C45B97E240924840051E18A /* Support */ = {
			isa = PBXGroup;
			children = (
				8C45B977240916930051E18A /* Info.plist */,
			);
			path = Support;
			sourceTree = "<group>";
		};
		8C45B97F240924A10051E18A /* Resources */ = {
			isa = PBXGroup;
			children = (
				8C45B972240916930051E18A /* Assets.xcassets */,
			);
			path = Resources;
			sourceTree = "<group>";
		};
		8C45B980240925300051E18A /* Services */ = {
			isa = PBXGroup;
			children = (
				8C45B987240925C10051E18A /* Assembler */,
			);
			path = Services;
			sourceTree = "<group>";
		};
		8C45B9812409253A0051E18A /* Themes */ = {
			isa = PBXGroup;
			children = (
				8C45B9832409258B0051E18A /* Theme.swift */,
				8C45B9842409258B0051E18A /* ThemeManager.swift */,
			);
			path = Themes;
			sourceTree = "<group>";
		};
		8C45B982240925470051E18A /* Common */ = {
			isa = PBXGroup;
			children = (
				8C45B9C2240926C20051E18A /* ViewModels */,
				8C45B9B2240926BA0051E18A /* ViewControllers */,
				8C45B9AF240926AE0051E18A /* types */,
				8C45B9A2240926A10051E18A /* Protocols */,
				8C45B99F240926950051E18A /* Fun */,
				8C45B9942409268D0051E18A /* Extension */,
				8C45B98D240926800051E18A /* Constants */,
				8C45B98A240926650051E18A /* Interactors */,
			);
			path = Common;
			sourceTree = "<group>";
		};
		8C45B987240925C10051E18A /* Assembler */ = {
			isa = PBXGroup;
			children = (
				8C45B988240925D20051E18A /* ServicesAssembler.swift */,
			);
			path = Assembler;
			sourceTree = "<group>";
		};
		8C45B98A240926650051E18A /* Interactors */ = {
			isa = PBXGroup;
			children = (
				8C45B98B240926650051E18A /* ErrableOutput.swift */,
			);
			path = Interactors;
			sourceTree = "<group>";
		};
		8C45B98D240926800051E18A /* Constants */ = {
			isa = PBXGroup;
			children = (
				8C45B98E240926800051E18A /* Constants.swift */,
				8C45B98F240926800051E18A /* Localizable.strings */,
			);
			path = Constants;
			sourceTree = "<group>";
		};
		8C45B9942409268D0051E18A /* Extension */ = {
			isa = PBXGroup;
			children = (
				8C45B9952409268D0051E18A /* UITableView+Model.swift */,
				8C45B9962409268D0051E18A /* UIFont+SF.swift */,
				8C45B9972409268D0051E18A /* String+Localization.swift */,
				8C45B9982409268D0051E18A /* UINavigationController + Common.swift */,
				8C45B9992409268D0051E18A /* UICollectionView+Model.swift */,
			);
			path = Extension;
			sourceTree = "<group>";
		};
		8C45B99F240926950051E18A /* Fun */ = {
			isa = PBXGroup;
			children = (
				8C45B9A0240926950051E18A /* functions.swift */,
			);
			path = Fun;
			sourceTree = "<group>";
		};
		8C45B9A2240926A10051E18A /* Protocols */ = {
			isa = PBXGroup;
			children = (
				8C45B9A3240926A10051E18A /* ViewControllerable.swift */,
				8C45B9A4240926A10051E18A /* ViewModelProtocols.swift */,
				8C45B9A5240926A10051E18A /* Presentable.swift */,
				8C45B9A6240926A10051E18A /* AlertProtocol.swift */,
				8C45B9A7240926A10051E18A /* IIndexPathCount.swift */,
				8C45B9A8240926A10051E18A /* IMovePath.swift */,
			);
			path = Protocols;
			sourceTree = "<group>";
		};
		8C45B9AF240926AE0051E18A /* types */ = {
			isa = PBXGroup;
			children = (
				8C45B9B0240926AE0051E18A /* SetupableViewCaller.swift */,
			);
			path = types;
			sourceTree = "<group>";
		};
		8C45B9B2240926BA0051E18A /* ViewControllers */ = {
			isa = PBXGroup;
			children = (
				8C45B9B3240926BA0051E18A /* BaseCollectionViewController.swift */,
				8C45B9B4240926BA0051E18A /* cells */,
				8C45B9B6240926BA0051E18A /* BaseViewController.swift */,
				8C45B9B7240926BA0051E18A /* BaseTableViewController.swift */,
				8C45B9B8240926BA0051E18A /* SingleImagePicker.swift */,
				8C45B9BA240926BA0051E18A /* VC+Alert.swift */,
			);
			path = ViewControllers;
			sourceTree = "<group>";
		};
		8C45B9B4240926BA0051E18A /* cells */ = {
			isa = PBXGroup;
			children = (
				8C45B9B5240926BA0051E18A /* CellOperation.swift */,
			);
			path = cells;
			sourceTree = "<group>";
		};
		8C45B9C2240926C20051E18A /* ViewModels */ = {
			isa = PBXGroup;
			children = (
				8C45B9C3240926C20051E18A /* cellModels */,
				8C45B9C8240926C20051E18A /* MultipleSectionPresenter.swift */,
				8C45B9C9240926C20051E18A /* SingleSectionPresenter.swift */,
			);
			path = ViewModels;
			sourceTree = "<group>";
		};
		8C45B9C3240926C20051E18A /* cellModels */ = {
			isa = PBXGroup;
			children = (
				8C45B9C4240926C20051E18A /* CommonCell.swift */,
				8C45B9C5240926C20051E18A /* CommonCellModel.swift */,
				8C45B9C6240926C20051E18A /* EmptyTableModel.swift */,
				8C45B9C7240926C20051E18A /* CellAnyModel.swift */,
			);
			path = cellModels;
			sourceTree = "<group>";
		};
		8C45B9D52409456C0051E18A /* TabBarer */ = {
			isa = PBXGroup;
			children = (
				8C45B9D62409456C0051E18A /* Module */,
				8C45B9DA2409456C0051E18A /* Presenter */,
				8C45B9DD2409456C0051E18A /* View */,
				8C45B9E22409456C0051E18A /* Interactor */,
				8C45B9E62409456C0051E18A /* Router */,
			);
			path = TabBarer;
			sourceTree = "<group>";
		};
		8C45B9D62409456C0051E18A /* Module */ = {
			isa = PBXGroup;
			children = (
				8C45B9D72409456C0051E18A /* TabBarerModuleOutput.swift */,
				8C45B9D82409456C0051E18A /* TabBarerModuleInput.swift */,
				8C45B9D92409456C0051E18A /* TabBarerModule.swift */,
			);
			path = Module;
			sourceTree = "<group>";
		};
		8C45B9DA2409456C0051E18A /* Presenter */ = {
			isa = PBXGroup;
			children = (
				8C45B9DB2409456C0051E18A /* TabBarerPresenterInput.swift */,
				8C45B9DC2409456C0051E18A /* TabBarerPresenter.swift */,
			);
			path = Presenter;
			sourceTree = "<group>";
		};
		8C45B9DD2409456C0051E18A /* View */ = {
			isa = PBXGroup;
			children = (
				8C45B9DE2409456C0051E18A /* TabUnloadedViewController.swift */,
				8C45B9DF2409456C0051E18A /* TabBarerViewOutput.swift */,
				8C45B9E02409456C0051E18A /* TabBarerViewInput.swift */,
				8C45B9E12409456C0051E18A /* TabBarerViewController.swift */,
			);
			path = View;
			sourceTree = "<group>";
		};
		8C45B9E22409456C0051E18A /* Interactor */ = {
			isa = PBXGroup;
			children = (
				8C45B9E32409456C0051E18A /* TabBarerInteractor.swift */,
				8C45B9E42409456C0051E18A /* TabBarerInteractorOutput.swift */,
				8C45B9E52409456C0051E18A /* TabBarerInteractorInput.swift */,
			);
			path = Interactor;
			sourceTree = "<group>";
		};
		8C45B9E62409456C0051E18A /* Router */ = {
			isa = PBXGroup;
			children = (
				8C45B9E72409456C0051E18A /* TabBarerRouterInput.swift */,
				8C45B9E82409456C0051E18A /* TabBarerRouter.swift */,
			);
			path = Router;
			sourceTree = "<group>";
		};
		8C45B9FB240996780051E18A /* Cells */ = {
			isa = PBXGroup;
			children = (
				8C45B9FD240996960051E18A /* StartTableCell.swift */,
				8C45B9FF240996E80051E18A /* StartTableCell.xib */,
			);
			path = Cells;
			sourceTree = "<group>";
		};
		8C45B9FC240996800051E18A /* cellModel */ = {
			isa = PBXGroup;
			children = (
				8C45BA01240997D20051E18A /* StartTableCellModel.swift */,
			);
			path = cellModel;
			sourceTree = "<group>";
		};
		8D448EE5DF4AAB5B444108D6 /* Welcome */ = {
			isa = PBXGroup;
			children = (
				F09BFF6F89E5AC1F26BA765D /* View */,
				04EAA9BFE546927D996ACEA3 /* Presenter */,
				A4EBB3D9C3AD9787B274E428 /* Interactor */,
				F356B78D59E877AD400E8C08 /* Router */,
				6132A810E91DC615C0ECE4B6 /* Module */,
			);
			path = Welcome;
			sourceTree = "<group>";
		};
		99201458B37CFD40B365A961 /* Module */ = {
			isa = PBXGroup;
			children = (
				DD6A28F3AD594C2E444CF310 /* StartTableModuleInput.swift */,
				8F36AB7400E02F31E2EB2808 /* StartTableModuleOutput.swift */,
				D96BB928AEAFD54FA817D6DE /* StartTableModule.swift */,
			);
			path = Module;
			sourceTree = "<group>";
		};
		A4EBB3D9C3AD9787B274E428 /* Interactor */ = {
			isa = PBXGroup;
			children = (
				77EE4555ABBA9E35C4C898D5 /* WelcomeInteractorInput.swift */,
				59F4E218495C202213F6E9EB /* WelcomeInteractorOutput.swift */,
				6312A0E68DDB271ED84491A7 /* WelcomeInteractor.swift */,
			);
			path = Interactor;
			sourceTree = "<group>";
		};
		B0654C0C1B95DCEFBA18AEEB /* AboutTab */ = {
			isa = PBXGroup;
			children = (
				C4C1F36D728E8DB3E5DF5821 /* View */,
				4E0BAE948D6DC85281CF9BCA /* Presenter */,
				BEF313077F67E8E0F3378CF4 /* Interactor */,
				04C74432F441C17329E78EB3 /* Router */,
				57E4828CA38847BB7A0660B4 /* Module */,
			);
			path = AboutTab;
			sourceTree = "<group>";
		};
		BEE5FFDE23AE14FB872496DF /* Interactor */ = {
			isa = PBXGroup;
			children = (
				E5B835989A36285077C56FD4 /* StartTableInteractorInput.swift */,
				EDF3AEEE0B979B0D91AD1024 /* StartTableInteractorOutput.swift */,
				A6CA20B0F70163F32F4D2BB6 /* StartTableInteractor.swift */,
			);
			path = Interactor;
			sourceTree = "<group>";
		};
		BEF313077F67E8E0F3378CF4 /* Interactor */ = {
			isa = PBXGroup;
			children = (
				8C913604A905664A6F58F703 /* AboutTabInteractorInput.swift */,
				14D44D8497E2F94A085CA0AF /* AboutTabInteractorOutput.swift */,
				310758EDE095688D40E69721 /* AboutTabInteractor.swift */,
			);
			path = Interactor;
			sourceTree = "<group>";
		};
		C4C1F36D728E8DB3E5DF5821 /* View */ = {
			isa = PBXGroup;
			children = (
				409B39FD0DB73C0FEDAB79DD /* AboutTabViewInput.swift */,
				515621216C548530676F10FB /* AboutTabViewOutput.swift */,
				C5762E494DA15C896A1FB96E /* AboutTabViewController.swift */,
			);
			path = View;
			sourceTree = "<group>";
		};
		E1E0B11AD1A7CFE06686AE57 /* View */ = {
			isa = PBXGroup;
			children = (
				8C45B9FB240996780051E18A /* Cells */,
				EC709AA0361443C3A08ABCE8 /* StartTableViewInput.swift */,
				4017E89E2EF2F63C9C9BAB4A /* StartTableViewOutput.swift */,
				F67B1430CB8EC2F6CE3E49F7 /* StartTableViewController.swift */,
			);
			path = View;
			sourceTree = "<group>";
		};
		F09BFF6F89E5AC1F26BA765D /* View */ = {
			isa = PBXGroup;
			children = (
				61D12679706F4E8A9A46FDDF /* WelcomeViewInput.swift */,
				1FCA6194C5472A22412D30AA /* WelcomeViewOutput.swift */,
				376D885BAAC755250A969F5C /* WelcomeViewController.swift */,
				8C45B9D324092C850051E18A /* Welcome.storyboard */,
			);
			path = View;
			sourceTree = "<group>";
		};
		F356B78D59E877AD400E8C08 /* Router */ = {
			isa = PBXGroup;
			children = (
				804FAA1FDC6E7A6015389F8B /* WelcomeRouterInput.swift */,
				2258CC766F218EE5AE2EE793 /* WelcomeRouter.swift */,
			);
			path = Router;
			sourceTree = "<group>";
		};
		FC19F76A2AC9690F9FCCF6C6 /* Router */ = {
			isa = PBXGroup;
			children = (
				99D26B93FF62393E3C51A963 /* StartTableRouterInput.swift */,
				2AEC0B832697F8B1992653AA /* StartTableRouter.swift */,
			);
			path = Router;
			sourceTree = "<group>";
		};
/* End PBXGroup section */

/* Begin PBXNativeTarget section */
		8C45B965240916910051E18A /* SampleProject */ = {
			isa = PBXNativeTarget;
			buildConfigurationList = 8C45B97A240916930051E18A /* Build configuration list for PBXNativeTarget "SampleProject" */;
			buildPhases = (
				25B3F64F5AAE7973B28F5BF2 /* [CP] Check Pods Manifest.lock */,
				8C45B962240916910051E18A /* Sources */,
				8C45B963240916910051E18A /* Frameworks */,
				8C45B964240916910051E18A /* Resources */,
				9324E45EC43DBEB28B534F7D /* [CP] Embed Pods Frameworks */,
			);
			buildRules = (
			);
			dependencies = (
			);
			name = SampleProject;
			productName = SampleProject;
			productReference = 8C45B966240916910051E18A /* SampleProject.app */;
			productType = "com.apple.product-type.application";
		};
/* End PBXNativeTarget section */

/* Begin PBXProject section */
		8C45B95E240916910051E18A /* Project object */ = {
			isa = PBXProject;
			attributes = {
				LastSwiftUpdateCheck = 1120;
				LastUpgradeCheck = 1120;
				ORGANIZATIONNAME = ES;
				TargetAttributes = {
					8C45B965240916910051E18A = {
						CreatedOnToolsVersion = 11.2.1;
					};
				};
			};
			buildConfigurationList = 8C45B961240916910051E18A /* Build configuration list for PBXProject "SampleProject" */;
			compatibilityVersion = "Xcode 9.3";
			developmentRegion = en;
			hasScannedForEncodings = 0;
			knownRegions = (
				en,
				Base,
				ru,
			);
			mainGroup = 8C45B95D240916910051E18A;
			productRefGroup = 8C45B967240916910051E18A /* Products */;
			projectDirPath = "";
			projectRoot = "";
			targets = (
				8C45B965240916910051E18A /* SampleProject */,
			);
		};
/* End PBXProject section */

/* Begin PBXResourcesBuildPhase section */
		8C45B964240916910051E18A /* Resources */ = {
			isa = PBXResourcesBuildPhase;
			buildActionMask = 2147483647;
			files = (
				8C45B976240916930051E18A /* LaunchScreen.storyboard in Resources */,
				8C45B9D424092C850051E18A /* Welcome.storyboard in Resources */,
				8C45BA00240996E80051E18A /* StartTableCell.xib in Resources */,
				8C45B993240926800051E18A /* Localizable.strings in Resources */,
				8C45B973240916930051E18A /* Assets.xcassets in Resources */,
			);
			runOnlyForDeploymentPostprocessing = 0;
		};
/* End PBXResourcesBuildPhase section */

/* Begin PBXShellScriptBuildPhase section */
		25B3F64F5AAE7973B28F5BF2 /* [CP] Check Pods Manifest.lock */ = {
			isa = PBXShellScriptBuildPhase;
			buildActionMask = 2147483647;
			files = (
			);
			inputFileListPaths = (
			);
			inputPaths = (
				"${PODS_PODFILE_DIR_PATH}/Podfile.lock",
				"${PODS_ROOT}/Manifest.lock",
			);
			name = "[CP] Check Pods Manifest.lock";
			outputFileListPaths = (
			);
			outputPaths = (
				"$(DERIVED_FILE_DIR)/Pods-SampleProject-checkManifestLockResult.txt",
			);
			runOnlyForDeploymentPostprocessing = 0;
			shellPath = /bin/sh;
			shellScript = "diff \"${PODS_PODFILE_DIR_PATH}/Podfile.lock\" \"${PODS_ROOT}/Manifest.lock\" > /dev/null\nif [ $? != 0 ] ; then\n    # print error to STDERR\n    echo \"error: The sandbox is not in sync with the Podfile.lock. Run 'pod install' or update your CocoaPods installation.\" >&2\n    exit 1\nfi\n# This output is used by Xcode 'outputs' to avoid re-running this script phase.\necho \"SUCCESS\" > \"${SCRIPT_OUTPUT_FILE_0}\"\n";
			showEnvVarsInLog = 0;
		};
		9324E45EC43DBEB28B534F7D /* [CP] Embed Pods Frameworks */ = {
			isa = PBXShellScriptBuildPhase;
			buildActionMask = 2147483647;
			files = (
			);
			inputFileListPaths = (
				"${PODS_ROOT}/Target Support Files/Pods-SampleProject/Pods-SampleProject-frameworks-${CONFIGURATION}-input-files.xcfilelist",
			);
			name = "[CP] Embed Pods Frameworks";
			outputFileListPaths = (
				"${PODS_ROOT}/Target Support Files/Pods-SampleProject/Pods-SampleProject-frameworks-${CONFIGURATION}-output-files.xcfilelist",
			);
			runOnlyForDeploymentPostprocessing = 0;
			shellPath = /bin/sh;
			shellScript = "\"${PODS_ROOT}/Target Support Files/Pods-SampleProject/Pods-SampleProject-frameworks.sh\"\n";
			showEnvVarsInLog = 0;
		};
/* End PBXShellScriptBuildPhase section */

/* Begin PBXSourcesBuildPhase section */
		8C45B962240916910051E18A /* Sources */ = {
			isa = PBXSourcesBuildPhase;
			buildActionMask = 2147483647;
			files = (
				8C45B96A240916910051E18A /* AppDelegate.swift in Sources */,
				8C45B9CA240926C20051E18A /* CommonCell.swift in Sources */,
				8C45B96C240916910051E18A /* SceneDelegate.swift in Sources */,
				6AC166F2A29C231BD298DEBC /* WelcomeViewInput.swift in Sources */,
				8C45B9BB240926BA0051E18A /* BaseCollectionViewController.swift in Sources */,
				634CEA2AC2926EDDE959E05B /* WelcomeViewOutput.swift in Sources */,
				8C45B9EC2409456C0051E18A /* TabBarerPresenterInput.swift in Sources */,
				8C45B9F9240947DA0051E18A /* StartCoordinator.swift in Sources */,
				8C45B9F12409456C0051E18A /* TabBarerViewController.swift in Sources */,
				8C45B989240925D20051E18A /* ServicesAssembler.swift in Sources */,
				8C45B9CB240926C20051E18A /* CommonCellModel.swift in Sources */,
				8C45B9EB2409456C0051E18A /* TabBarerModule.swift in Sources */,
				8C45B9A9240926A10051E18A /* ViewControllerable.swift in Sources */,
				8C45B9E92409456C0051E18A /* TabBarerModuleOutput.swift in Sources */,
				8C45B9BE240926BB0051E18A /* BaseTableViewController.swift in Sources */,
				8C45B9ED2409456C0051E18A /* TabBarerPresenter.swift in Sources */,
				8C45B9AE240926A10051E18A /* IMovePath.swift in Sources */,
				8C45B9AD240926A10051E18A /* IIndexPathCount.swift in Sources */,
				8C45B9862409258B0051E18A /* ThemeManager.swift in Sources */,
				8C45B9BD240926BA0051E18A /* BaseViewController.swift in Sources */,
				8C45B99A2409268D0051E18A /* UITableView+Model.swift in Sources */,
				8DB213D9FF298E1B06FC82D7 /* WelcomeViewController.swift in Sources */,
				8C45B9EE2409456C0051E18A /* TabUnloadedViewController.swift in Sources */,
				A736F87EB35A022F2A01F79A /* WelcomePresenterInput.swift in Sources */,
				8C45B9B1240926AE0051E18A /* SetupableViewCaller.swift in Sources */,
				8C45B9FA240947DA0051E18A /* DissolveTransition.swift in Sources */,
				4533AF65C7BC5BC180B74247 /* WelcomePresenter.swift in Sources */,
				5FD21FA274A2A414D8737C13 /* WelcomeInteractorInput.swift in Sources */,
				8C45B992240926800051E18A /* Constants.swift in Sources */,
				8C45B99D2409268D0051E18A /* UINavigationController + Common.swift in Sources */,
				8C45B9A1240926950051E18A /* functions.swift in Sources */,
				8C45B9BF240926BB0051E18A /* SingleImagePicker.swift in Sources */,
				8C45B9CE240926C20051E18A /* MultipleSectionPresenter.swift in Sources */,
				DB64CEE79891FC0B397228F1 /* WelcomeInteractorOutput.swift in Sources */,
				8C45B9CF240926C20051E18A /* SingleSectionPresenter.swift in Sources */,
				8C45B9F02409456C0051E18A /* TabBarerViewInput.swift in Sources */,
				8C45B98C240926660051E18A /* ErrableOutput.swift in Sources */,
				8C45B9CC240926C20051E18A /* EmptyTableModel.swift in Sources */,
				8C45B9EF2409456C0051E18A /* TabBarerViewOutput.swift in Sources */,
				8C45B99C2409268D0051E18A /* String+Localization.swift in Sources */,
				8C45B9BC240926BA0051E18A /* CellOperation.swift in Sources */,
				9300DE61532614682D385286 /* WelcomeInteractor.swift in Sources */,
				8C45B9F42409456C0051E18A /* TabBarerInteractorInput.swift in Sources */,
				8C45B9F32409456C0051E18A /* TabBarerInteractorOutput.swift in Sources */,
				8C45B9EA2409456C0051E18A /* TabBarerModuleInput.swift in Sources */,
				8C45B9CD240926C20051E18A /* CellAnyModel.swift in Sources */,
				9DAA859CCA3D7688B7222887 /* WelcomeRouterInput.swift in Sources */,
				8C45B99B2409268D0051E18A /* UIFont+SF.swift in Sources */,
				8C45B9C1240926BB0051E18A /* VC+Alert.swift in Sources */,
				8C45B99E2409268D0051E18A /* UICollectionView+Model.swift in Sources */,
				8C45B9AB240926A10051E18A /* Presentable.swift in Sources */,
				D1E7ED1A3111F4F70A9E03E9 /* WelcomeRouter.swift in Sources */,
				8C45B9F52409456C0051E18A /* TabBarerRouterInput.swift in Sources */,
				5B1B3655A3566766A0E06118 /* WelcomeModuleInput.swift in Sources */,
				74979858BE21C8C6065C0648 /* WelcomeModuleOutput.swift in Sources */,
				8C45BA02240997D20051E18A /* StartTableCellModel.swift in Sources */,
				C2883457BAA42794B69B0576 /* WelcomeModule.swift in Sources */,
				8C45B9852409258B0051E18A /* Theme.swift in Sources */,
				8C45B9AC240926A10051E18A /* AlertProtocol.swift in Sources */,
				8C45B9F22409456C0051E18A /* TabBarerInteractor.swift in Sources */,
				8C45B9AA240926A10051E18A /* ViewModelProtocols.swift in Sources */,
				8C45B9F62409456C0051E18A /* TabBarerRouter.swift in Sources */,
				8BDE8E3CE36EC679513303E3 /* StartTableViewInput.swift in Sources */,
				85A4B775A86671D62D1A7DE0 /* StartTableViewOutput.swift in Sources */,
				A2E455FE5432DA1EC4C3840B /* StartTableViewController.swift in Sources */,
				8C45B9FE240996960051E18A /* StartTableCell.swift in Sources */,
				6AD95860F875EF29B3E3D35B /* StartTablePresenterInput.swift in Sources */,
				4531F1B66039E2B7491ECEC8 /* StartTablePresenter.swift in Sources */,
				E27D2F2530233145641C866F /* StartTableInteractorInput.swift in Sources */,
				37654083612956A4A50672C1 /* StartTableInteractorOutput.swift in Sources */,
				6E46D68444A90CC0E8C24E11 /* StartTableInteractor.swift in Sources */,
				63E4D65F2F671B339CD4D4B5 /* StartTableRouterInput.swift in Sources */,
				917CD3AEC3D35FDA85C5D89E /* StartTableRouter.swift in Sources */,
				FBFC1DAEDB128370CE1BF838 /* StartTableModuleInput.swift in Sources */,
				180070AC51640D52A4A09836 /* StartTableModuleOutput.swift in Sources */,
				FD20901787D46BABC2CBBD12 /* StartTableModule.swift in Sources */,
				B207EA4B295136D367CBE77C /* AboutTabViewInput.swift in Sources */,
				75346CB2A3CF3ABA844E3227 /* AboutTabViewOutput.swift in Sources */,
				7C9A073587502BD1093CDBA6 /* AboutTabViewController.swift in Sources */,
				DBB4EA54E3158C51AE41EC1B /* AboutTabPresenterInput.swift in Sources */,
				0F98A926C51A143EB0CBA79B /* AboutTabPresenter.swift in Sources */,
				DAF8A9490CD8DC116AC2307C /* AboutTabInteractorInput.swift in Sources */,
				0AB40255EB66FB990989F0C7 /* AboutTabInteractorOutput.swift in Sources */,
				6F60E9A91624253C53D751A8 /* AboutTabInteractor.swift in Sources */,
				43D188BD35002498FA24E903 /* AboutTabRouterInput.swift in Sources */,
				3D7F4BA68A966A6DADC4B6F6 /* AboutTabRouter.swift in Sources */,
				F2A629E62B2E1CC6B9039EB4 /* AboutTabModuleInput.swift in Sources */,
				F6192C0676909C2A79FF2024 /* AboutTabModuleOutput.swift in Sources */,
				17B0958D5060CE179F5D0473 /* AboutTabModule.swift in Sources */,
			);
			runOnlyForDeploymentPostprocessing = 0;
		};
/* End PBXSourcesBuildPhase section */

/* Begin PBXVariantGroup section */
		8C45B974240916930051E18A /* LaunchScreen.storyboard */ = {
			isa = PBXVariantGroup;
			children = (
				8C45B975240916930051E18A /* Base */,
			);
			name = LaunchScreen.storyboard;
			sourceTree = "<group>";
		};
		8C45B98F240926800051E18A /* Localizable.strings */ = {
			isa = PBXVariantGroup;
			children = (
				8C45B990240926800051E18A /* en */,
				8C45B991240926800051E18A /* ru */,
			);
			name = Localizable.strings;
			sourceTree = "<group>";
		};
/* End PBXVariantGroup section */

/* Begin XCBuildConfiguration section */
		8C45B978240916930051E18A /* Debug */ = {
			isa = XCBuildConfiguration;
			buildSettings = {
				ALWAYS_SEARCH_USER_PATHS = NO;
				CLANG_ANALYZER_LOCALIZABILITY_NONLOCALIZED = YES;
				CLANG_ANALYZER_NONNULL = YES;
				CLANG_ANALYZER_NUMBER_OBJECT_CONVERSION = YES_AGGRESSIVE;
				CLANG_CXX_LANGUAGE_STANDARD = "gnu++14";
				CLANG_CXX_LIBRARY = "libc++";
				CLANG_ENABLE_MODULES = YES;
				CLANG_ENABLE_OBJC_ARC = YES;
				CLANG_ENABLE_OBJC_WEAK = YES;
				CLANG_WARN_BLOCK_CAPTURE_AUTORELEASING = YES;
				CLANG_WARN_BOOL_CONVERSION = YES;
				CLANG_WARN_COMMA = YES;
				CLANG_WARN_CONSTANT_CONVERSION = YES;
				CLANG_WARN_DEPRECATED_OBJC_IMPLEMENTATIONS = YES;
				CLANG_WARN_DIRECT_OBJC_ISA_USAGE = YES_ERROR;
				CLANG_WARN_DOCUMENTATION_COMMENTS = YES;
				CLANG_WARN_EMPTY_BODY = YES;
				CLANG_WARN_ENUM_CONVERSION = YES;
				CLANG_WARN_INFINITE_RECURSION = YES;
				CLANG_WARN_INT_CONVERSION = YES;
				CLANG_WARN_NON_LITERAL_NULL_CONVERSION = YES;
				CLANG_WARN_OBJC_IMPLICIT_RETAIN_SELF = YES;
				CLANG_WARN_OBJC_LITERAL_CONVERSION = YES;
				CLANG_WARN_OBJC_ROOT_CLASS = YES_ERROR;
				CLANG_WARN_RANGE_LOOP_ANALYSIS = YES;
				CLANG_WARN_STRICT_PROTOTYPES = YES;
				CLANG_WARN_SUSPICIOUS_MOVE = YES;
				CLANG_WARN_UNGUARDED_AVAILABILITY = YES_AGGRESSIVE;
				CLANG_WARN_UNREACHABLE_CODE = YES;
				CLANG_WARN__DUPLICATE_METHOD_MATCH = YES;
				COPY_PHASE_STRIP = NO;
				DEBUG_INFORMATION_FORMAT = dwarf;
				ENABLE_STRICT_OBJC_MSGSEND = YES;
				ENABLE_TESTABILITY = YES;
				GCC_C_LANGUAGE_STANDARD = gnu11;
				GCC_DYNAMIC_NO_PIC = NO;
				GCC_NO_COMMON_BLOCKS = YES;
				GCC_OPTIMIZATION_LEVEL = 0;
				GCC_PREPROCESSOR_DEFINITIONS = (
					"DEBUG=1",
					"$(inherited)",
				);
				GCC_WARN_64_TO_32_BIT_CONVERSION = YES;
				GCC_WARN_ABOUT_RETURN_TYPE = YES_ERROR;
				GCC_WARN_UNDECLARED_SELECTOR = YES;
				GCC_WARN_UNINITIALIZED_AUTOS = YES_AGGRESSIVE;
				GCC_WARN_UNUSED_FUNCTION = YES;
				GCC_WARN_UNUSED_VARIABLE = YES;
				IPHONEOS_DEPLOYMENT_TARGET = 13.2;
				MTL_ENABLE_DEBUG_INFO = INCLUDE_SOURCE;
				MTL_FAST_MATH = YES;
				ONLY_ACTIVE_ARCH = YES;
				SDKROOT = iphoneos;
				SWIFT_ACTIVE_COMPILATION_CONDITIONS = DEBUG;
				SWIFT_OPTIMIZATION_LEVEL = "-Onone";
			};
			name = Debug;
		};
		8C45B979240916930051E18A /* Release */ = {
			isa = XCBuildConfiguration;
			buildSettings = {
				ALWAYS_SEARCH_USER_PATHS = NO;
				CLANG_ANALYZER_LOCALIZABILITY_NONLOCALIZED = YES;
				CLANG_ANALYZER_NONNULL = YES;
				CLANG_ANALYZER_NUMBER_OBJECT_CONVERSION = YES_AGGRESSIVE;
				CLANG_CXX_LANGUAGE_STANDARD = "gnu++14";
				CLANG_CXX_LIBRARY = "libc++";
				CLANG_ENABLE_MODULES = YES;
				CLANG_ENABLE_OBJC_ARC = YES;
				CLANG_ENABLE_OBJC_WEAK = YES;
				CLANG_WARN_BLOCK_CAPTURE_AUTORELEASING = YES;
				CLANG_WARN_BOOL_CONVERSION = YES;
				CLANG_WARN_COMMA = YES;
				CLANG_WARN_CONSTANT_CONVERSION = YES;
				CLANG_WARN_DEPRECATED_OBJC_IMPLEMENTATIONS = YES;
				CLANG_WARN_DIRECT_OBJC_ISA_USAGE = YES_ERROR;
				CLANG_WARN_DOCUMENTATION_COMMENTS = YES;
				CLANG_WARN_EMPTY_BODY = YES;
				CLANG_WARN_ENUM_CONVERSION = YES;
				CLANG_WARN_INFINITE_RECURSION = YES;
				CLANG_WARN_INT_CONVERSION = YES;
				CLANG_WARN_NON_LITERAL_NULL_CONVERSION = YES;
				CLANG_WARN_OBJC_IMPLICIT_RETAIN_SELF = YES;
				CLANG_WARN_OBJC_LITERAL_CONVERSION = YES;
				CLANG_WARN_OBJC_ROOT_CLASS = YES_ERROR;
				CLANG_WARN_RANGE_LOOP_ANALYSIS = YES;
				CLANG_WARN_STRICT_PROTOTYPES = YES;
				CLANG_WARN_SUSPICIOUS_MOVE = YES;
				CLANG_WARN_UNGUARDED_AVAILABILITY = YES_AGGRESSIVE;
				CLANG_WARN_UNREACHABLE_CODE = YES;
				CLANG_WARN__DUPLICATE_METHOD_MATCH = YES;
				COPY_PHASE_STRIP = NO;
				DEBUG_INFORMATION_FORMAT = "dwarf-with-dsym";
				ENABLE_NS_ASSERTIONS = NO;
				ENABLE_STRICT_OBJC_MSGSEND = YES;
				GCC_C_LANGUAGE_STANDARD = gnu11;
				GCC_NO_COMMON_BLOCKS = YES;
				GCC_WARN_64_TO_32_BIT_CONVERSION = YES;
				GCC_WARN_ABOUT_RETURN_TYPE = YES_ERROR;
				GCC_WARN_UNDECLARED_SELECTOR = YES;
				GCC_WARN_UNINITIALIZED_AUTOS = YES_AGGRESSIVE;
				GCC_WARN_UNUSED_FUNCTION = YES;
				GCC_WARN_UNUSED_VARIABLE = YES;
				IPHONEOS_DEPLOYMENT_TARGET = 13.2;
				MTL_ENABLE_DEBUG_INFO = NO;
				MTL_FAST_MATH = YES;
				SDKROOT = iphoneos;
				SWIFT_COMPILATION_MODE = wholemodule;
				SWIFT_OPTIMIZATION_LEVEL = "-O";
				VALIDATE_PRODUCT = YES;
			};
			name = Release;
		};
		8C45B97B240916930051E18A /* Debug */ = {
			isa = XCBuildConfiguration;
			baseConfigurationReference = 44FE6E85D90F3594E244B7DA /* Pods-SampleProject.debug.xcconfig */;
			buildSettings = {
				ASSETCATALOG_COMPILER_APPICON_NAME = AppIcon;
				CODE_SIGN_STYLE = Automatic;
				DEVELOPMENT_TEAM = LY6Q63HDBG;
				INFOPLIST_FILE = SampleProject/Support/Info.plist;
				LD_RUNPATH_SEARCH_PATHS = (
					"$(inherited)",
					"@executable_path/Frameworks",
				);
				PRODUCT_BUNDLE_IDENTIFIER = ES.SampleProject;
				PRODUCT_NAME = "$(TARGET_NAME)";
				SWIFT_VERSION = 5.0;
				TARGETED_DEVICE_FAMILY = 1;
			};
			name = Debug;
		};
		8C45B97C240916930051E18A /* Release */ = {
			isa = XCBuildConfiguration;
			baseConfigurationReference = BD1E66A8F3D084D59F862ED0 /* Pods-SampleProject.release.xcconfig */;
			buildSettings = {
				ASSETCATALOG_COMPILER_APPICON_NAME = AppIcon;
				CODE_SIGN_STYLE = Automatic;
				DEVELOPMENT_TEAM = LY6Q63HDBG;
				INFOPLIST_FILE = SampleProject/Support/Info.plist;
				LD_RUNPATH_SEARCH_PATHS = (
					"$(inherited)",
					"@executable_path/Frameworks",
				);
				PRODUCT_BUNDLE_IDENTIFIER = ES.SampleProject;
				PRODUCT_NAME = "$(TARGET_NAME)";
				SWIFT_VERSION = 5.0;
				TARGETED_DEVICE_FAMILY = 1;
			};
			name = Release;
		};
/* End XCBuildConfiguration section */

/* Begin XCConfigurationList section */
		8C45B961240916910051E18A /* Build configuration list for PBXProject "SampleProject" */ = {
			isa = XCConfigurationList;
			buildConfigurations = (
				8C45B978240916930051E18A /* Debug */,
				8C45B979240916930051E18A /* Release */,
			);
			defaultConfigurationIsVisible = 0;
			defaultConfigurationName = Release;
		};
		8C45B97A240916930051E18A /* Build configuration list for PBXNativeTarget "SampleProject" */ = {
			isa = XCConfigurationList;
			buildConfigurations = (
				8C45B97B240916930051E18A /* Debug */,
				8C45B97C240916930051E18A /* Release */,
			);
			defaultConfigurationIsVisible = 0;
			defaultConfigurationName = Release;
		};
/* End XCConfigurationList section */
	};
	rootObject = 8C45B95E240916910051E18A /* Project object */;
}
